
Microsoft Visual Studio Solution File, Format Version 12.00
# Visual Studio Version 17
VisualStudioVersion = 17.9.34723.18
MinimumVisualStudioVersion = 10.0.40219.1
Project("{9A19103F-16F7-4668-BE54-9A1E7A4F7556}") = "Domain", "Domain\Domain.csproj", "{19503ED0-7370-4AA7-8A81-DABE71B2A0EC}"
EndProject
Project("{9A19103F-16F7-4668-BE54-9A1E7A4F7556}") = "Api", "Api\Api.csproj", "{52C37221-D1C9-4862-8AEE-40975B77D948}"
EndProject
Project("{9A19103F-16F7-4668-BE54-9A1E7A4F7556}") = "Infra-Cryptography", "Infra-Cryptography\Infra-Cryptography.csproj", "{4FFA91D1-5D7F-4D8A-9E48-B84155DCC0F5}"
EndProject
Project("{9A19103F-16F7-4668-BE54-9A1E7A4F7556}") = "Infra-DataAccess", "Infra-DataAccess\Infra-DataAccess.csproj", "{AA18F1B8-123C-4BBD-B96F-73F8D02AB1F7}"
EndProject
Project("{9A19103F-16F7-4668-BE54-9A1E7A4F7556}") = "Infra-QualtricsService", "QualtricsHttpClient\Infra-QualtricsService.csproj", "{EBDAE28E-E85D-4093-8CBD-CC88C3C23F0E}"
EndProject
Project("{9A19103F-16F7-4668-BE54-9A1E7A4F7556}") = "Infra-ShortUuidService", "Infra-ShortUuidService\Infra-ShortUuidService.csproj", "{F3C1710C-1FF4-4391-80E6-835E2A0DB7E7}"
EndProject
Project("{9A19103F-16F7-4668-BE54-9A1E7A4F7556}") = "Application-UseCase", "Application-UseCase\Application-UseCase.csproj", "{05BD92CF-C639-48A3-9F3B-D2E259A78791}"
EndProject
Global
	GlobalSection(SolutionConfigurationPlatforms) = preSolution
		Debug|Any CPU = Debug|Any CPU
		Release|Any CPU = Release|Any CPU
	EndGlobalSection
	GlobalSection(ProjectConfigurationPlatforms) = postSolution
		{19503ED0-7370-4AA7-8A81-DABE71B2A0EC}.Debug|Any CPU.ActiveCfg = Debug|Any CPU
		{19503ED0-7370-4AA7-8A81-DABE71B2A0EC}.Debug|Any CPU.Build.0 = Debug|Any CPU
		{19503ED0-7370-4AA7-8A81-DABE71B2A0EC}.Release|Any CPU.ActiveCfg = Release|Any CPU
		{19503ED0-7370-4AA7-8A81-DABE71B2A0EC}.Release|Any CPU.Build.0 = Release|Any CPU
		{52C37221-D1C9-4862-8AEE-40975B77D948}.Debug|Any CPU.ActiveCfg = Debug|Any CPU
		{52C37221-D1C9-4862-8AEE-40975B77D948}.Debug|Any CPU.Build.0 = Debug|Any CPU
		{52C37221-D1C9-4862-8AEE-40975B77D948}.Release|Any CPU.ActiveCfg = Release|Any CPU
		{52C37221-D1C9-4862-8AEE-40975B77D948}.Release|Any CPU.Build.0 = Release|Any CPU
		{4FFA91D1-5D7F-4D8A-9E48-B84155DCC0F5}.Debug|Any CPU.ActiveCfg = Debug|Any CPU
		{4FFA91D1-5D7F-4D8A-9E48-B84155DCC0F5}.Debug|Any CPU.Build.0 = Debug|Any CPU
		{4FFA91D1-5D7F-4D8A-9E48-B84155DCC0F5}.Release|Any CPU.ActiveCfg = Release|Any CPU
		{4FFA91D1-5D7F-4D8A-9E48-B84155DCC0F5}.Release|Any CPU.Build.0 = Release|Any CPU
		{AA18F1B8-123C-4BBD-B96F-73F8D02AB1F7}.Debug|Any CPU.ActiveCfg = Debug|Any CPU
		{AA18F1B8-123C-4BBD-B96F-73F8D02AB1F7}.Debug|Any CPU.Build.0 = Debug|Any CPU
		{AA18F1B8-123C-4BBD-B96F-73F8D02AB1F7}.Release|Any CPU.ActiveCfg = Release|Any CPU
		{AA18F1B8-123C-4BBD-B96F-73F8D02AB1F7}.Release|Any CPU.Build.0 = Release|Any CPU
		{EBDAE28E-E85D-4093-8CBD-CC88C3C23F0E}.Debug|Any CPU.ActiveCfg = Debug|Any CPU
		{EBDAE28E-E85D-4093-8CBD-CC88C3C23F0E}.Debug|Any CPU.Build.0 = Debug|Any CPU
		{EBDAE28E-E85D-4093-8CBD-CC88C3C23F0E}.Release|Any CPU.ActiveCfg = Release|Any CPU
		{EBDAE28E-E85D-4093-8CBD-CC88C3C23F0E}.Release|Any CPU.Build.0 = Release|Any CPU
		{F3C1710C-1FF4-4391-80E6-835E2A0DB7E7}.Debug|Any CPU.ActiveCfg = Debug|Any CPU
		{F3C1710C-1FF4-4391-80E6-835E2A0DB7E7}.Debug|Any CPU.Build.0 = Debug|Any CPU
		{F3C1710C-1FF4-4391-80E6-835E2A0DB7E7}.Release|Any CPU.ActiveCfg = Release|Any CPU
		{F3C1710C-1FF4-4391-80E6-835E2A0DB7E7}.Release|Any CPU.Build.0 = Release|Any CPU
		{05BD92CF-C639-48A3-9F3B-D2E259A78791}.Debug|Any CPU.ActiveCfg = Debug|Any CPU
		{05BD92CF-C639-48A3-9F3B-D2E259A78791}.Debug|Any CPU.Build.0 = Debug|Any CPU
		{05BD92CF-C639-48A3-9F3B-D2E259A78791}.Release|Any CPU.ActiveCfg = Release|Any CPU
		{05BD92CF-C639-48A3-9F3B-D2E259A78791}.Release|Any CPU.Build.0 = Release|Any CPU
	EndGlobalSection
	GlobalSection(SolutionProperties) = preSolution
		HideSolutionNode = FALSE
	EndGlobalSection
	GlobalSection(ExtensibilityGlobals) = postSolution
		SolutionGuid = {227EA5BB-53BE-48A0-9A58-B29AFC4743CC}
	EndGlobalSection
EndGlobal
